// !$*UTF8*$!
{
	archiveVersion = 1;
	classes = {
	};
	objectVersion = 56;
	objects = {

/* Begin PBXBuildFile section */
		EB54559C2B40B88000D220C9 /* InstagramUiMockApp.swift in Sources */ = {isa = PBXBuildFile; fileRef = EB54559B2B40B88000D220C9 /* InstagramUiMockApp.swift */; };
		EB54559E2B40B88000D220C9 /* ContentView.swift in Sources */ = {isa = PBXBuildFile; fileRef = EB54559D2B40B88000D220C9 /* ContentView.swift */; };
		EB5455A02B40B88100D220C9 /* Assets.xcassets in Resources */ = {isa = PBXBuildFile; fileRef = EB54559F2B40B88100D220C9 /* Assets.xcassets */; };
		EB5455A32B40B88100D220C9 /* Preview Assets.xcassets in Resources */ = {isa = PBXBuildFile; fileRef = EB5455A22B40B88100D220C9 /* Preview Assets.xcassets */; };
		EB5455AE2B40C45000D220C9 /* HomeFeedView.swift in Sources */ = {isa = PBXBuildFile; fileRef = EB5455AD2B40C45000D220C9 /* HomeFeedView.swift */; };
		EB5455B02B40C4C800D220C9 /* ExploreView.swift in Sources */ = {isa = PBXBuildFile; fileRef = EB5455AF2B40C4C800D220C9 /* ExploreView.swift */; };
		EB5455B22B40C4DD00D220C9 /* CameraView.swift in Sources */ = {isa = PBXBuildFile; fileRef = EB5455B12B40C4DD00D220C9 /* CameraView.swift */; };
		EB5455B42B40C54B00D220C9 /* ReelView.swift in Sources */ = {isa = PBXBuildFile; fileRef = EB5455B32B40C54B00D220C9 /* ReelView.swift */; };
		EB5455B62B40C56900D220C9 /* NotificationView.swift in Sources */ = {isa = PBXBuildFile; fileRef = EB5455B52B40C56900D220C9 /* NotificationView.swift */; };
		EB5455B82B40C58100D220C9 /* ProfileView.swift in Sources */ = {isa = PBXBuildFile; fileRef = EB5455B72B40C58100D220C9 /* ProfileView.swift */; };
		EB5455BB2B4356FE00D220C9 /* StoriesView.swift in Sources */ = {isa = PBXBuildFile; fileRef = EB5455BA2B4356FE00D220C9 /* StoriesView.swift */; };
		EB5455BD2B44165100D220C9 /* PostActionsButtonsView.swift in Sources */ = {isa = PBXBuildFile; fileRef = EB5455BC2B44165100D220C9 /* PostActionsButtonsView.swift */; };
		EB5455BF2B44170500D220C9 /* PostView.swift in Sources */ = {isa = PBXBuildFile; fileRef = EB5455BE2B44170500D220C9 /* PostView.swift */; };
		EB5455C12B44201800D220C9 /* PostHeaderView.swift in Sources */ = {isa = PBXBuildFile; fileRef = EB5455C02B44201800D220C9 /* PostHeaderView.swift */; };
/* End PBXBuildFile section */

/* Begin PBXFileReference section */
		EB5455982B40B88000D220C9 /* InstagramUiMock.app */ = {isa = PBXFileReference; explicitFileType = wrapper.application; includeInIndex = 0; path = InstagramUiMock.app; sourceTree = BUILT_PRODUCTS_DIR; };
		EB54559B2B40B88000D220C9 /* InstagramUiMockApp.swift */ = {isa = PBXFileReference; lastKnownFileType = sourcecode.swift; path = InstagramUiMockApp.swift; sourceTree = "<group>"; };
		EB54559D2B40B88000D220C9 /* ContentView.swift */ = {isa = PBXFileReference; lastKnownFileType = sourcecode.swift; path = ContentView.swift; sourceTree = "<group>"; };
		EB54559F2B40B88100D220C9 /* Assets.xcassets */ = {isa = PBXFileReference; lastKnownFileType = folder.assetcatalog; path = Assets.xcassets; sourceTree = "<group>"; };
		EB5455A22B40B88100D220C9 /* Preview Assets.xcassets */ = {isa = PBXFileReference; lastKnownFileType = folder.assetcatalog; path = "Preview Assets.xcassets"; sourceTree = "<group>"; };
		EB5455AD2B40C45000D220C9 /* HomeFeedView.swift */ = {isa = PBXFileReference; lastKnownFileType = sourcecode.swift; path = HomeFeedView.swift; sourceTree = "<group>"; };
		EB5455AF2B40C4C800D220C9 /* ExploreView.swift */ = {isa = PBXFileReference; lastKnownFileType = sourcecode.swift; path = ExploreView.swift; sourceTree = "<group>"; };
		EB5455B12B40C4DD00D220C9 /* CameraView.swift */ = {isa = PBXFileReference; lastKnownFileType = sourcecode.swift; path = CameraView.swift; sourceTree = "<group>"; };
		EB5455B32B40C54B00D220C9 /* ReelView.swift */ = {isa = PBXFileReference; lastKnownFileType = sourcecode.swift; path = ReelView.swift; sourceTree = "<group>"; };
		EB5455B52B40C56900D220C9 /* NotificationView.swift */ = {isa = PBXFileReference; lastKnownFileType = sourcecode.swift; path = NotificationView.swift; sourceTree = "<group>"; };
		EB5455B72B40C58100D220C9 /* ProfileView.swift */ = {isa = PBXFileReference; lastKnownFileType = sourcecode.swift; path = ProfileView.swift; sourceTree = "<group>"; };
		EB5455BA2B4356FE00D220C9 /* StoriesView.swift */ = {isa = PBXFileReference; lastKnownFileType = sourcecode.swift; path = StoriesView.swift; sourceTree = "<group>"; };
		EB5455BC2B44165100D220C9 /* PostActionsButtonsView.swift */ = {isa = PBXFileReference; lastKnownFileType = sourcecode.swift; path = PostActionsButtonsView.swift; sourceTree = "<group>"; };
		EB5455BE2B44170500D220C9 /* PostView.swift */ = {isa = PBXFileReference; lastKnownFileType = sourcecode.swift; path = PostView.swift; sourceTree = "<group>"; };
		EB5455C02B44201800D220C9 /* PostHeaderView.swift */ = {isa = PBXFileReference; lastKnownFileType = sourcecode.swift; path = PostHeaderView.swift; sourceTree = "<group>"; };
/* End PBXFileReference section */

/* Begin PBXFrameworksBuildPhase section */
		EB5455952B40B88000D220C9 /* Frameworks */ = {
			isa = PBXFrameworksBuildPhase;
			buildActionMask = 2147483647;
			files = (
			);
			runOnlyForDeploymentPostprocessing = 0;
		};
/* End PBXFrameworksBuildPhase section */

/* Begin PBXGroup section */
		EB54558F2B40B88000D220C9 = {
			isa = PBXGroup;
			children = (
				EB54559A2B40B88000D220C9 /* InstagramUiMock */,
				EB5455992B40B88000D220C9 /* Products */,
			);
			sourceTree = "<group>";
		};
		EB5455992B40B88000D220C9 /* Products */ = {
			isa = PBXGroup;
			children = (
				EB5455982B40B88000D220C9 /* InstagramUiMock.app */,
			);
			name = Products;
			sourceTree = "<group>";
		};
		EB54559A2B40B88000D220C9 /* InstagramUiMock */ = {
			isa = PBXGroup;
			children = (
				EB5455AC2B40C42F00D220C9 /* Views */,
				EB54559B2B40B88000D220C9 /* InstagramUiMockApp.swift */,
				EB54559F2B40B88100D220C9 /* Assets.xcassets */,
				EB5455A12B40B88100D220C9 /* Preview Content */,
			);
			path = InstagramUiMock;
			sourceTree = "<group>";
		};
		EB5455A12B40B88100D220C9 /* Preview Content */ = {
			isa = PBXGroup;
			children = (
				EB5455A22B40B88100D220C9 /* Preview Assets.xcassets */,
			);
			path = "Preview Content";
			sourceTree = "<group>";
		};
		EB5455AC2B40C42F00D220C9 /* Views */ = {
			isa = PBXGroup;
			children = (
				EB5455B92B4356AB00D220C9 /* Home */,
				EB54559D2B40B88000D220C9 /* ContentView.swift */,
				EB5455AF2B40C4C800D220C9 /* ExploreView.swift */,
				EB5455B12B40C4DD00D220C9 /* CameraView.swift */,
				EB5455B32B40C54B00D220C9 /* ReelView.swift */,
				EB5455B52B40C56900D220C9 /* NotificationView.swift */,
				EB5455B72B40C58100D220C9 /* ProfileView.swift */,
			);
			path = Views;
			sourceTree = "<group>";
		};
		EB5455B92B4356AB00D220C9 /* Home */ = {
			isa = PBXGroup;
			children = (
				EB5455AD2B40C45000D220C9 /* HomeFeedView.swift */,
				EB5455BA2B4356FE00D220C9 /* StoriesView.swift */,
				EB5455BC2B44165100D220C9 /* PostActionsButtonsView.swift */,
				EB5455BE2B44170500D220C9 /* PostView.swift */,
				EB5455C02B44201800D220C9 /* PostHeaderView.swift */,
			);
			path = Home;
			sourceTree = "<group>";
		};
/* End PBXGroup section */

/* Begin PBXNativeTarget section */
		EB5455972B40B88000D220C9 /* InstagramUiMock */ = {
			isa = PBXNativeTarget;
			buildConfigurationList = EB5455A62B40B88100D220C9 /* Build configuration list for PBXNativeTarget "InstagramUiMock" */;
			buildPhases = (
				EB5455942B40B88000D220C9 /* Sources */,
				EB5455952B40B88000D220C9 /* Frameworks */,
				EB5455962B40B88000D220C9 /* Resources */,
			);
			buildRules = (
			);
			dependencies = (
			);
			name = InstagramUiMock;
			productName = InstagramUiMock;
			productReference = EB5455982B40B88000D220C9 /* InstagramUiMock.app */;
			productType = "com.apple.product-type.application";
		};
/* End PBXNativeTarget section */

/* Begin PBXProject section */
		EB5455902B40B88000D220C9 /* Project object */ = {
			isa = PBXProject;
			attributes = {
				BuildIndependentTargetsInParallel = 1;
				LastSwiftUpdateCheck = 1430;
				LastUpgradeCheck = 1430;
				TargetAttributes = {
					EB5455972B40B88000D220C9 = {
						CreatedOnToolsVersion = 14.3.1;
					};
				};
			};
			buildConfigurationList = EB5455932B40B88000D220C9 /* Build configuration list for PBXProject "InstagramUiMock" */;
			compatibilityVersion = "Xcode 14.0";
			developmentRegion = en;
			hasScannedForEncodings = 0;
			knownRegions = (
				en,
				Base,
			);
			mainGroup = EB54558F2B40B88000D220C9;
			productRefGroup = EB5455992B40B88000D220C9 /* Products */;
			projectDirPath = "";
			projectRoot = "";
			targets = (
				EB5455972B40B88000D220C9 /* InstagramUiMock */,
			);
		};
/* End PBXProject section */

/* Begin PBXResourcesBuildPhase section */
		EB5455962B40B88000D220C9 /* Resources */ = {
			isa = PBXResourcesBuildPhase;
			buildActionMask = 2147483647;
			files = (
				EB5455A32B40B88100D220C9 /* Preview Assets.xcassets in Resources */,
				EB5455A02B40B88100D220C9 /* Assets.xcassets in Resources */,
			);
			runOnlyForDeploymentPostprocessing = 0;
		};
/* End PBXResourcesBuildPhase section */

/* Begin PBXSourcesBuildPhase section */
		EB5455942B40B88000D220C9 /* Sources */ = {
			isa = PBXSourcesBuildPhase;
			buildActionMask = 2147483647;
			files = (
				EB5455B82B40C58100D220C9 /* ProfileView.swift in Sources */,
				EB5455B42B40C54B00D220C9 /* ReelView.swift in Sources */,
				EB5455BD2B44165100D220C9 /* PostActionsButtonsView.swift in Sources */,
				EB5455BB2B4356FE00D220C9 /* StoriesView.swift in Sources */,
				EB54559E2B40B88000D220C9 /* ContentView.swift in Sources */,
				EB5455C12B44201800D220C9 /* PostHeaderView.swift in Sources */,
				EB5455B62B40C56900D220C9 /* NotificationView.swift in Sources */,
				EB54559C2B40B88000D220C9 /* InstagramUiMockApp.swift in Sources */,
				EB5455B02B40C4C800D220C9 /* ExploreView.swift in Sources */,
				EB5455B22B40C4DD00D220C9 /* CameraView.swift in Sources */,
				EB5455AE2B40C45000D220C9 /* HomeFeedView.swift in Sources */,
				EB5455BF2B44170500D220C9 /* PostView.swift in Sources */,
			);
			runOnlyForDeploymentPostprocessing = 0;
		};
/* End PBXSourcesBuildPhase section */

/* Begin XCBuildConfiguration section */
		EB5455A42B40B88100D220C9 /* Debug */ = {
			isa = XCBuildConfiguration;
			buildSettings = {
				ALWAYS_SEARCH_USER_PATHS = NO;
				CLANG_ANALYZER_NONNULL = YES;
				CLANG_ANALYZER_NUMBER_OBJECT_CONVERSION = YES_AGGRESSIVE;
				CLANG_CXX_LANGUAGE_STANDARD = "gnu++20";
				CLANG_ENABLE_MODULES = YES;
				CLANG_ENABLE_OBJC_ARC = YES;
				CLANG_ENABLE_OBJC_WEAK = YES;
				CLANG_WARN_BLOCK_CAPTURE_AUTORELEASING = YES;
				CLANG_WARN_BOOL_CONVERSION = YES;
				CLANG_WARN_COMMA = YES;
				CLANG_WARN_CONSTANT_CONVERSION = YES;
				CLANG_WARN_DEPRECATED_OBJC_IMPLEMENTATIONS = YES;
				CLANG_WARN_DIRECT_OBJC_ISA_USAGE = YES_ERROR;
				CLANG_WARN_DOCUMENTATION_COMMENTS = YES;
				CLANG_WARN_EMPTY_BODY = YES;
				CLANG_WARN_ENUM_CONVERSION = YES;
				CLANG_WARN_INFINITE_RECURSION = YES;
				CLANG_WARN_INT_CONVERSION = YES;
				CLANG_WARN_NON_LITERAL_NULL_CONVERSION = YES;
				CLANG_WARN_OBJC_IMPLICIT_RETAIN_SELF = YES;
				CLANG_WARN_OBJC_LITERAL_CONVERSION = YES;
				CLANG_WARN_OBJC_ROOT_CLASS = YES_ERROR;
				CLANG_WARN_QUOTED_INCLUDE_IN_FRAMEWORK_HEADER = YES;
				CLANG_WARN_RANGE_LOOP_ANALYSIS = YES;
				CLANG_WARN_STRICT_PROTOTYPES = YES;
				CLANG_WARN_SUSPICIOUS_MOVE = YES;
				CLANG_WARN_UNGUARDED_AVAILABILITY = YES_AGGRESSIVE;
				CLANG_WARN_UNREACHABLE_CODE = YES;
				CLANG_WARN__DUPLICATE_METHOD_MATCH = YES;
				COPY_PHASE_STRIP = NO;
				DEBUG_INFORMATION_FORMAT = dwarf;
				ENABLE_STRICT_OBJC_MSGSEND = YES;
				ENABLE_TESTABILITY = YES;
				GCC_C_LANGUAGE_STANDARD = gnu11;
				GCC_DYNAMIC_NO_PIC = NO;
				GCC_NO_COMMON_BLOCKS = YES;
				GCC_OPTIMIZATION_LEVEL = 0;
				GCC_PREPROCESSOR_DEFINITIONS = (
					"DEBUG=1",
					"$(inherited)",
				);
				GCC_WARN_64_TO_32_BIT_CONVERSION = YES;
				GCC_WARN_ABOUT_RETURN_TYPE = YES_ERROR;
				GCC_WARN_UNDECLARED_SELECTOR = YES;
				GCC_WARN_UNINITIALIZED_AUTOS = YES_AGGRESSIVE;
				GCC_WARN_UNUSED_FUNCTION = YES;
				GCC_WARN_UNUSED_VARIABLE = YES;
				IPHONEOS_DEPLOYMENT_TARGET = 16.4;
				MTL_ENABLE_DEBUG_INFO = INCLUDE_SOURCE;
				MTL_FAST_MATH = YES;
				ONLY_ACTIVE_ARCH = YES;
				SDKROOT = iphoneos;
				SWIFT_ACTIVE_COMPILATION_CONDITIONS = DEBUG;
				SWIFT_OPTIMIZATION_LEVEL = "-Onone";
			};
			name = Debug;
		};
		EB5455A52B40B88100D220C9 /* Release */ = {
			isa = XCBuildConfiguration;
			buildSettings = {
				ALWAYS_SEARCH_USER_PATHS = NO;
				CLANG_ANALYZER_NONNULL = YES;
				CLANG_ANALYZER_NUMBER_OBJECT_CONVERSION = YES_AGGRESSIVE;
				CLANG_CXX_LANGUAGE_STANDARD = "gnu++20";
				CLANG_ENABLE_MODULES = YES;
				CLANG_ENABLE_OBJC_ARC = YES;
				CLANG_ENABLE_OBJC_WEAK = YES;
				CLANG_WARN_BLOCK_CAPTURE_AUTORELEASING = YES;
				CLANG_WARN_BOOL_CONVERSION = YES;
				CLANG_WARN_COMMA = YES;
				CLANG_WARN_CONSTANT_CONVERSION = YES;
				CLANG_WARN_DEPRECATED_OBJC_IMPLEMENTATIONS = YES;
				CLANG_WARN_DIRECT_OBJC_ISA_USAGE = YES_ERROR;
				CLANG_WARN_DOCUMENTATION_COMMENTS = YES;
				CLANG_WARN_EMPTY_BODY = YES;
				CLANG_WARN_ENUM_CONVERSION = YES;
				CLANG_WARN_INFINITE_RECURSION = YES;
				CLANG_WARN_INT_CONVERSION = YES;
				CLANG_WARN_NON_LITERAL_NULL_CONVERSION = YES;
				CLANG_WARN_OBJC_IMPLICIT_RETAIN_SELF = YES;
				CLANG_WARN_OBJC_LITERAL_CONVERSION = YES;
				CLANG_WARN_OBJC_ROOT_CLASS = YES_ERROR;
				CLANG_WARN_QUOTED_INCLUDE_IN_FRAMEWORK_HEADER = YES;
				CLANG_WARN_RANGE_LOOP_ANALYSIS = YES;
				CLANG_WARN_STRICT_PROTOTYPES = YES;
				CLANG_WARN_SUSPICIOUS_MOVE = YES;
				CLANG_WARN_UNGUARDED_AVAILABILITY = YES_AGGRESSIVE;
				CLANG_WARN_UNREACHABLE_CODE = YES;
				CLANG_WARN__DUPLICATE_METHOD_MATCH = YES;
				COPY_PHASE_STRIP = NO;
				DEBUG_INFORMATION_FORMAT = "dwarf-with-dsym";
				ENABLE_NS_ASSERTIONS = NO;
				ENABLE_STRICT_OBJC_MSGSEND = YES;
				GCC_C_LANGUAGE_STANDARD = gnu11;
				GCC_NO_COMMON_BLOCKS = YES;
				GCC_WARN_64_TO_32_BIT_CONVERSION = YES;
				GCC_WARN_ABOUT_RETURN_TYPE = YES_ERROR;
				GCC_WARN_UNDECLARED_SELECTOR = YES;
				GCC_WARN_UNINITIALIZED_AUTOS = YES_AGGRESSIVE;
				GCC_WARN_UNUSED_FUNCTION = YES;
				GCC_WARN_UNUSED_VARIABLE = YES;
				IPHONEOS_DEPLOYMENT_TARGET = 16.4;
				MTL_ENABLE_DEBUG_INFO = NO;
				MTL_FAST_MATH = YES;
				SDKROOT = iphoneos;
				SWIFT_COMPILATION_MODE = wholemodule;
				SWIFT_OPTIMIZATION_LEVEL = "-O";
				VALIDATE_PRODUCT = YES;
			};
			name = Release;
		};
		EB5455A72B40B88100D220C9 /* Debug */ = {
			isa = XCBuildConfiguration;
			buildSettings = {
				ASSETCATALOG_COMPILER_APPICON_NAME = AppIcon;
				ASSETCATALOG_COMPILER_GLOBAL_ACCENT_COLOR_NAME = AccentColor;
				CODE_SIGN_STYLE = Automatic;
				CURRENT_PROJECT_VERSION = 1;
				DEVELOPMENT_ASSET_PATHS = "\"InstagramUiMock/Preview Content\"";
				DEVELOPMENT_TEAM = NT57WH95JN;
				ENABLE_PREVIEWS = YES;
				GENERATE_INFOPLIST_FILE = YES;
				INFOPLIST_KEY_NSCameraUsageDescription = "Please allow access to take a photo";
				INFOPLIST_KEY_NSPhotoLibraryUsageDescription = "Please allow access to select a photo";
				INFOPLIST_KEY_UIApplicationSceneManifest_Generation = YES;
				INFOPLIST_KEY_UIApplicationSupportsIndirectInputEvents = YES;
				INFOPLIST_KEY_UILaunchScreen_Generation = YES;
				INFOPLIST_KEY_UISupportedInterfaceOrientations_iPad = "UIInterfaceOrientationPortrait UIInterfaceOrientationPortraitUpsideDown UIInterfaceOrientationLandscapeLeft UIInterfaceOrientationLandscapeRight";
				INFOPLIST_KEY_UISupportedInterfaceOrientations_iPhone = "UIInterfaceOrientationPortrait UIInterfaceOrientationLandscapeLeft UIInterfaceOrientationLandscapeRight";
				LD_RUNPATH_SEARCH_PATHS = (
					"$(inherited)",
					"@executable_path/Frameworks",
				);
				MARKETING_VERSION = 1.0;
				PRODUCT_BUNDLE_IDENTIFIER = com.treybrowder.InstagramUiMock;
				PRODUCT_NAME = "$(TARGET_NAME)";
				SWIFT_EMIT_LOC_STRINGS = YES;
				SWIFT_VERSION = 5.0;
				TARGETED_DEVICE_FAMILY = "1,2";
			};
			name = Debug;
		};
		EB5455A82B40B88100D220C9 /* Release */ = {
			isa = XCBuildConfiguration;
			buildSettings = {
				ASSETCATALOG_COMPILER_APPICON_NAME = AppIcon;
				ASSETCATALOG_COMPILER_GLOBAL_ACCENT_COLOR_NAME = AccentColor;
				CODE_SIGN_STYLE = Automatic;
				CURRENT_PROJECT_VERSION = 1;
				DEVELOPMENT_ASSET_PATHS = "\"InstagramUiMock/Preview Content\"";
				DEVELOPMENT_TEAM = NT57WH95JN;
				ENABLE_PREVIEWS = YES;
				GENERATE_INFOPLIST_FILE = YES;
				INFOPLIST_KEY_NSCameraUsageDescription = "Please allow access to take a photo";
				INFOPLIST_KEY_NSPhotoLibraryUsageDescription = "Please allow access to select a photo";
				INFOPLIST_KEY_UIApplicationSceneManifest_Generation = YES;
				INFOPLIST_KEY_UIApplicationSupportsIndirectInputEvents = YES;
				INFOPLIST_KEY_UILaunchScreen_Generation = YES;
				INFOPLIST_KEY_UISupportedInterfaceOrientations_iPad = "UIInterfaceOrientationPortrait UIInterfaceOrientationPortraitUpsideDown UIInterfaceOrientationLandscapeLeft UIInterfaceOrientationLandscapeRight";
				INFOPLIST_KEY_UISupportedInterfaceOrientations_iPhone = "UIInterfaceOrientationPortrait UIInterfaceOrientationLandscapeLeft UIInterfaceOrientationLandscapeRight";
				LD_RUNPATH_SEARCH_PATHS = (
					"$(inherited)",
					"@executable_path/Frameworks",
				);
				MARKETING_VERSION = 1.0;
				PRODUCT_BUNDLE_IDENTIFIER = com.treybrowder.InstagramUiMock;
				PRODUCT_NAME = "$(TARGET_NAME)";
				SWIFT_EMIT_LOC_STRINGS = YES;
				SWIFT_VERSION = 5.0;
				TARGETED_DEVICE_FAMILY = "1,2";
			};
			name = Release;
		};
/* End XCBuildConfiguration section */

/* Begin XCConfigurationList section */
		EB5455932B40B88000D220C9 /* Build configuration list for PBXProject "InstagramUiMock" */ = {
			isa = XCConfigurationList;
			buildConfigurations = (
				EB5455A42B40B88100D220C9 /* Debug */,
				EB5455A52B40B88100D220C9 /* Release */,
			);
			defaultConfigurationIsVisible = 0;
			defaultConfigurationName = Release;
		};
		EB5455A62B40B88100D220C9 /* Build configuration list for PBXNativeTarget "InstagramUiMock" */ = {
			isa = XCConfigurationList;
			buildConfigurations = (
				EB5455A72B40B88100D220C9 /* Debug */,
				EB5455A82B40B88100D220C9 /* Release */,
			);
			defaultConfigurationIsVisible = 0;
			defaultConfigurationName = Release;
		};
/* End XCConfigurationList section */
	};
	rootObject = EB5455902B40B88000D220C9 /* Project object */;
}
